# THIS IS AN AUTOGENERATED FILE. DO NOT EDIT THIS FILE DIRECTLY.
# yarn lockfile v1


"@xmpp/connection-tcp@^0.0.6":
  version "0.0.6"
  resolved "https://registry.yarnpkg.com/@xmpp/connection-tcp/-/connection-tcp-0.0.6.tgz#505bc36467e0348c7d0bf598610711bf2b455020"
  dependencies:
    "@xmpp/connection" "^0.0.6"
    "@xmpp/streamparser" "^0.0.6"
    "@xmpp/xml" "^0.1.3"

"@xmpp/connection@^0.0.6":
  version "0.0.6"
  resolved "https://registry.yarnpkg.com/@xmpp/connection/-/connection-0.0.6.tgz#eaa599c488f4b7e4cfdc6bbb55df9058df52f63a"
  dependencies:
    "@xmpp/jid" "^0.0.2"
    "@xmpp/streamparser" "^0.0.6"

"@xmpp/jid@^0.0.2":
  version "0.0.2"
  resolved "https://registry.yarnpkg.com/@xmpp/jid/-/jid-0.0.2.tgz#0d528ca9d58dafc833665564ffe62f332a3167f2"

"@xmpp/resolve@^0.0.2":
  version "0.0.2"
  resolved "https://registry.yarnpkg.com/@xmpp/resolve/-/resolve-0.0.2.tgz#2e181ca5ac799637a80b9d6ff48755dd30af619e"
  dependencies:
    ltx "^2.6.2"
    node-fetch "^1.6.3"

"@xmpp/streamparser@^0.0.6":
  version "0.0.6"
  resolved "https://registry.yarnpkg.com/@xmpp/streamparser/-/streamparser-0.0.6.tgz#118033ea9db7c86a1cb46103f269ebff79f6f1ea"
  dependencies:
    "@xmpp/xml" "^0.1.3"
    inherits "^2.0.3"
    ltx "^2.5.0"

"@xmpp/time@^0.0.1":
  version "0.0.1"
  resolved "https://registry.yarnpkg.com/@xmpp/time/-/time-0.0.1.tgz#70819bc862d3623e18b87ea3dfeabd9744f99fef"

"@xmpp/xml@^0.1.3":
  version "0.1.3"
  resolved "https://registry.yarnpkg.com/@xmpp/xml/-/xml-0.1.3.tgz#1f14399e53e419688558698f6c62e71e39a86a6e"
  dependencies:
    inherits "^2.0.3"
    ltx "^2.6.2"

bitwise-xor@0.0.0:
  version "0.0.0"
  resolved "https://registry.yarnpkg.com/bitwise-xor/-/bitwise-xor-0.0.0.tgz#040a8172b5bb8cc562b0b7119f230b2a1a780e3d"

cipher-base@^1.0.1:
  version "1.0.3"
  resolved "https://registry.yarnpkg.com/cipher-base/-/cipher-base-1.0.3.tgz#eeabf194419ce900da3018c207d212f2a6df0a07"
  dependencies:
    inherits "^2.0.1"

create-hash@^1.1.0:
  version "1.1.2"
  resolved "https://registry.yarnpkg.com/create-hash/-/create-hash-1.1.2.tgz#51210062d7bb7479f6c65bb41a92208b1d61abad"
  dependencies:
    cipher-base "^1.0.1"
    inherits "^2.0.1"
    ripemd160 "^1.0.0"
    sha.js "^2.3.6"

create-hmac@^1.1.3:
  version "1.1.4"
  resolved "https://registry.yarnpkg.com/create-hmac/-/create-hmac-1.1.4.tgz#d3fb4ba253eb8b3f56e39ea2fbcb8af747bd3170"
  dependencies:
    create-hash "^1.1.0"
    inherits "^2.0.1"

encoding@^0.1.11:
  version "0.1.12"
  resolved "https://registry.yarnpkg.com/encoding/-/encoding-0.1.12.tgz#538b66f3ee62cd1ab51ec323829d1f9480c74beb"
  dependencies:
    iconv-lite "~0.4.13"

iconv-lite@~0.4.13:
  version "0.4.17"
  resolved "https://registry.yarnpkg.com/iconv-lite/-/iconv-lite-0.4.17.tgz#4fdaa3b38acbc2c031b045d0edcdfe1ecab18c8d"

inherits@^2.0.1, inherits@^2.0.3:
  version "2.0.3"
  resolved "https://registry.yarnpkg.com/inherits/-/inherits-2.0.3.tgz#633c2c83e3da42a502f52466022480f4208261de"

is-stream@^1.0.1:
  version "1.1.0"
  resolved "https://registry.yarnpkg.com/is-stream/-/is-stream-1.1.0.tgz#12d4a3dd4e68e0b79ceb8dbc84173ae80d91ca44"

ltx@^2.5.0, ltx@^2.6.2:
  version "2.7.1"
  resolved "https://registry.yarnpkg.com/ltx/-/ltx-2.7.1.tgz#0e5cbdcb5bf178cfa7831ea41dc323d97422315a"
  dependencies:
    inherits "^2.0.1"

node-fetch@^1.6.3:
  version "1.6.3"
  resolved "https://registry.yarnpkg.com/node-fetch/-/node-fetch-1.6.3.tgz#dc234edd6489982d58e8f0db4f695029abcd8c04"
  dependencies:
    encoding "^0.1.11"
    is-stream "^1.0.1"

randombytes@^2.0.1:
  version "2.0.3"
  resolved "https://registry.yarnpkg.com/randombytes/-/randombytes-2.0.3.tgz#674c99760901c3c4112771a31e521dc349cc09ec"

ripemd160@^1.0.0:
  version "1.0.1"
  resolved "https://registry.yarnpkg.com/ripemd160/-/ripemd160-1.0.1.tgz#93a4bbd4942bc574b69a8fa57c71de10ecca7d6e"

safe-buffer@~5.0.1:
  version "5.0.1"
  resolved "https://registry.yarnpkg.com/safe-buffer/-/safe-buffer-5.0.1.tgz#d263ca54696cd8a306b5ca6551e92de57918fbe7"

sasl-plain@^0.1.0:
  version "0.1.0"
  resolved "https://registry.yarnpkg.com/sasl-plain/-/sasl-plain-0.1.0.tgz#cf145e7c02222b64d60c0806d9cd2ae5380426cc"

sasl-scram-sha-1@^1.2.0:
  version "1.2.1"
  resolved "https://registry.yarnpkg.com/sasl-scram-sha-1/-/sasl-scram-sha-1-1.2.1.tgz#d88d51feaa0ff320d8eb1d6fc75657653f9dcd4b"
  dependencies:
    bitwise-xor "0.0.0"
    create-hash "^1.1.0"
    create-hmac "^1.1.3"
    randombytes "^2.0.1"

saslmechanisms@^0.1.1:
  version "0.1.1"
  resolved "https://registry.yarnpkg.com/saslmechanisms/-/saslmechanisms-0.1.1.tgz#478be1429500fcfaa780be88b3343ced7d2a9182"

sha.js@^2.3.6:
  version "2.4.8"
  resolved "https://registry.yarnpkg.com/sha.js/-/sha.js-2.4.8.tgz#37068c2c476b6baf402d14a49c67f597921f634f"
  dependencies:
    inherits "^2.0.1"

ultron@~1.1.0:
  version "1.1.0"
  resolved "https://registry.yarnpkg.com/ultron/-/ultron-1.1.0.tgz#b07a2e6a541a815fc6a34ccd4533baec307ca864"

ws@^3.0.0:
  version "3.0.0"
  resolved "https://registry.yarnpkg.com/ws/-/ws-3.0.0.tgz#98ddb00056c8390cb751e7788788497f99103b6c"
  dependencies:
    safe-buffer "~5.0.1"
    ultron "~1.1.0"
