# THIS IS AN AUTOGENERATED FILE. DO NOT EDIT THIS FILE DIRECTLY.
# yarn lockfile v1


"@xmpp/component-core@^0.2.0":
  version "0.2.0"
  resolved "https://registry.yarnpkg.com/@xmpp/component-core/-/component-core-0.2.0.tgz#6a50280fdad44582df8b5e4ab6c95d395f267488"
  dependencies:
    "@xmpp/connection-tcp" "^0.2.0"
    "@xmpp/jid" "^0.2.0"
    "@xmpp/xml" "^0.2.0"

"@xmpp/connection-tcp@^0.2.0":
  version "0.2.0"
  resolved "https://registry.yarnpkg.com/@xmpp/connection-tcp/-/connection-tcp-0.2.0.tgz#81ba20aff4424efd90f0d786b050a5fbf0569269"
  dependencies:
    "@xmpp/connection" "^0.2.0"
    "@xmpp/streamparser" "^0.0.6"
    "@xmpp/xml" "^0.2.0"

"@xmpp/connection@^0.2.0":
  version "0.2.0"
  resolved "https://registry.yarnpkg.com/@xmpp/connection/-/connection-0.2.0.tgz#7daf0d3596543256f54d233201c62d955d297866"
  dependencies:
    "@xmpp/events" "^0.2.0"
    "@xmpp/jid" "^0.2.0"
    "@xmpp/streamparser" "^0.0.6"
    "@xmpp/xml" "^0.2.0"

"@xmpp/events@^0.2.0":
  version "0.2.0"
  resolved "https://registry.yarnpkg.com/@xmpp/events/-/events-0.2.0.tgz#531ad642230e722bd20820d2d8844d9ecd36d4c8"

"@xmpp/jid@^0.2.0":
  version "0.2.0"
  resolved "https://registry.yarnpkg.com/@xmpp/jid/-/jid-0.2.0.tgz#2802be870a3b00ee6694b29680c94b5d5abb3cb4"

"@xmpp/plugin@^0.2.0":
  version "0.2.0"
  resolved "https://registry.yarnpkg.com/@xmpp/plugin/-/plugin-0.2.0.tgz#1782a14d6b1688ea294ab6263d890273a62e6c1a"
  dependencies:
    "@xmpp/events" "^0.2.0"
    "@xmpp/jid" "^0.2.0"
    "@xmpp/xml" "^0.2.0"

"@xmpp/plugins@^0.2.0":
  version "0.2.0"
  resolved "https://registry.yarnpkg.com/@xmpp/plugins/-/plugins-0.2.0.tgz#9da368b9359aeb511cfdfaca2040fef2b8294dcb"
  dependencies:
    "@xmpp/connection" "^0.2.0"
    "@xmpp/connection-tcp" "^0.2.0"
    "@xmpp/jid" "^0.2.0"
    "@xmpp/plugin" "^0.2.0"
    "@xmpp/resolve" "^0.2.0"
    "@xmpp/time" "^0.2.0"
    "@xmpp/xml" "^0.2.0"
    sasl-plain "^0.1.0"
    sasl-scram-sha-1 "^1.2.0"
    saslmechanisms "^0.1.1"
    ws "^3.0.0"

"@xmpp/resolve@^0.2.0":
  version "0.2.0"
  resolved "https://registry.yarnpkg.com/@xmpp/resolve/-/resolve-0.2.0.tgz#0dc1e90f54b8000a6a33f9258120c1a961ad896f"
  dependencies:
    "@xmpp/xml" "^0.2.0"
    node-fetch "^1.6.3"

"@xmpp/streamparser@^0.0.6":
  version "0.0.6"
  resolved "https://registry.yarnpkg.com/@xmpp/streamparser/-/streamparser-0.0.6.tgz#118033ea9db7c86a1cb46103f269ebff79f6f1ea"
  dependencies:
    "@xmpp/xml" "^0.1.3"
    inherits "^2.0.3"
    ltx "^2.5.0"

"@xmpp/time@^0.2.0":
  version "0.2.0"
  resolved "https://registry.yarnpkg.com/@xmpp/time/-/time-0.2.0.tgz#970b25c820ef0f8815a1b716b6fcdb9d2977ee27"

"@xmpp/xml@^0.1.3":
  version "0.1.3"
  resolved "https://registry.yarnpkg.com/@xmpp/xml/-/xml-0.1.3.tgz#1f14399e53e419688558698f6c62e71e39a86a6e"
  dependencies:
    inherits "^2.0.3"
    ltx "^2.6.2"

"@xmpp/xml@^0.2.0":
  version "0.2.0"
  resolved "https://registry.yarnpkg.com/@xmpp/xml/-/xml-0.2.0.tgz#cc06443ac36f1b12f9081f036e338ba11bee4e2e"
  dependencies:
    ltx "^2.6.2"

bitwise-xor@0.0.0:
  version "0.0.0"
  resolved "https://registry.yarnpkg.com/bitwise-xor/-/bitwise-xor-0.0.0.tgz#040a8172b5bb8cc562b0b7119f230b2a1a780e3d"

cipher-base@^1.0.1:
  version "1.0.3"
  resolved "https://registry.yarnpkg.com/cipher-base/-/cipher-base-1.0.3.tgz#eeabf194419ce900da3018c207d212f2a6df0a07"
  dependencies:
    inherits "^2.0.1"

create-hash@^1.1.0:
  version "1.1.2"
  resolved "https://registry.yarnpkg.com/create-hash/-/create-hash-1.1.2.tgz#51210062d7bb7479f6c65bb41a92208b1d61abad"
  dependencies:
    cipher-base "^1.0.1"
    inherits "^2.0.1"
    ripemd160 "^1.0.0"
    sha.js "^2.3.6"

create-hmac@^1.1.3:
  version "1.1.4"
  resolved "https://registry.yarnpkg.com/create-hmac/-/create-hmac-1.1.4.tgz#d3fb4ba253eb8b3f56e39ea2fbcb8af747bd3170"
  dependencies:
    create-hash "^1.1.0"
    inherits "^2.0.1"

encoding@^0.1.11:
  version "0.1.12"
  resolved "https://registry.yarnpkg.com/encoding/-/encoding-0.1.12.tgz#538b66f3ee62cd1ab51ec323829d1f9480c74beb"
  dependencies:
    iconv-lite "~0.4.13"

iconv-lite@~0.4.13:
  version "0.4.18"
  resolved "https://registry.yarnpkg.com/iconv-lite/-/iconv-lite-0.4.18.tgz#23d8656b16aae6742ac29732ea8f0336a4789cf2"

inherits@^2.0.1, inherits@^2.0.3:
  version "2.0.3"
  resolved "https://registry.yarnpkg.com/inherits/-/inherits-2.0.3.tgz#633c2c83e3da42a502f52466022480f4208261de"

is-stream@^1.0.1:
  version "1.1.0"
  resolved "https://registry.yarnpkg.com/is-stream/-/is-stream-1.1.0.tgz#12d4a3dd4e68e0b79ceb8dbc84173ae80d91ca44"

ltx@^2.5.0, ltx@^2.6.2:
  version "2.6.2"
  resolved "https://registry.yarnpkg.com/ltx/-/ltx-2.6.2.tgz#703e4437d5e394d26c0314fd8fd5debed8e099d9"
  dependencies:
    inherits "^2.0.1"

node-fetch@^1.6.3:
  version "1.7.2"
  resolved "https://registry.yarnpkg.com/node-fetch/-/node-fetch-1.7.2.tgz#c54e9aac57e432875233525f3c891c4159ffefd7"
  dependencies:
    encoding "^0.1.11"
    is-stream "^1.0.1"

randombytes@^2.0.1:
  version "2.0.3"
  resolved "https://registry.yarnpkg.com/randombytes/-/randombytes-2.0.3.tgz#674c99760901c3c4112771a31e521dc349cc09ec"

ripemd160@^1.0.0:
  version "1.0.1"
  resolved "https://registry.yarnpkg.com/ripemd160/-/ripemd160-1.0.1.tgz#93a4bbd4942bc574b69a8fa57c71de10ecca7d6e"

safe-buffer@~5.1.0:
  version "5.1.1"
  resolved "https://registry.yarnpkg.com/safe-buffer/-/safe-buffer-5.1.1.tgz#893312af69b2123def71f57889001671eeb2c853"

sasl-plain@^0.1.0:
  version "0.1.0"
  resolved "https://registry.yarnpkg.com/sasl-plain/-/sasl-plain-0.1.0.tgz#cf145e7c02222b64d60c0806d9cd2ae5380426cc"

sasl-scram-sha-1@^1.2.0:
  version "1.2.1"
  resolved "https://registry.yarnpkg.com/sasl-scram-sha-1/-/sasl-scram-sha-1-1.2.1.tgz#d88d51feaa0ff320d8eb1d6fc75657653f9dcd4b"
  dependencies:
    bitwise-xor "0.0.0"
    create-hash "^1.1.0"
    create-hmac "^1.1.3"
    randombytes "^2.0.1"

saslmechanisms@^0.1.1:
  version "0.1.1"
  resolved "https://registry.yarnpkg.com/saslmechanisms/-/saslmechanisms-0.1.1.tgz#478be1429500fcfaa780be88b3343ced7d2a9182"

sha.js@^2.3.6:
  version "2.4.8"
  resolved "https://registry.yarnpkg.com/sha.js/-/sha.js-2.4.8.tgz#37068c2c476b6baf402d14a49c67f597921f634f"
  dependencies:
    inherits "^2.0.1"

ultron@~1.1.0:
  version "1.1.0"
  resolved "https://registry.yarnpkg.com/ultron/-/ultron-1.1.0.tgz#b07a2e6a541a815fc6a34ccd4533baec307ca864"

ws@^3.0.0:
  version "3.1.0"
  resolved "https://registry.yarnpkg.com/ws/-/ws-3.1.0.tgz#8afafecdeab46d572e5397ee880739367aa2f41c"
  dependencies:
    safe-buffer "~5.1.0"
    ultron "~1.1.0"
