# THIS IS AN AUTOGENERATED FILE. DO NOT EDIT THIS FILE DIRECTLY.
# yarn lockfile v1


inherits@^2.0.1:
  version "2.0.3"
  resolved "https://registry.yarnpkg.com/inherits/-/inherits-2.0.3.tgz#633c2c83e3da42a502f52466022480f4208261de"

ltx@^2.6.2:
  version "2.6.2"
  resolved "https://registry.yarnpkg.com/ltx/-/ltx-2.6.2.tgz#703e4437d5e394d26c0314fd8fd5debed8e099d9"
  dependencies:
    inherits "^2.0.1"
