{
  "name": "@xmpp/debug",
  "version": "0.13.0",
  "lockfileVersion": 2,
  "requires": true,
  "packages": {
    "": {
      "name": "@xmpp/debug",
      "version": "0.12.0",
      "license": "ISC",
      "dependencies": {
        "@xmpp/xml": "^0.12.0",
        "ltx": "^3.0.0"
      },
      "engines": {
        "node": ">= 12.4.0"
      }
    },
    "node_modules/@xmpp/xml": {
      "version": "0.12.0",
      "resolved": "https://registry.npmjs.org/@xmpp/xml/-/xml-0.12.0.tgz",
      "integrity": "sha512-kitJEZc0JLCNtNCPIbIC/+seo0S9R15ofIVaZ8pjKtArmMDLxvtCxAKjJvri/pYFT0kI6jpqrDdq+8N8bUaNjQ==",
      "dependencies": {
        "ltx": "^2.10.0"
      },
      "engines": {
        "node": ">= 12.4.0",
        "yarn": ">= 1.0.0"
      }
    },
    "node_modules/@xmpp/xml/node_modules/ltx": {
      "version": "2.10.0",
      "resolved": "https://registry.npmjs.org/ltx/-/ltx-2.10.0.tgz",
      "integrity": "sha512-RB4zR6Mrp/0wTNS9WxMvpgfht/7u/8QAC9DpPD19opL/4OASPa28uoliFqeDkLUU8pQ4aeAfATBZmz1aSAHkMw==",
      "dependencies": {
        "inherits": "^2.0.4"
      }
    },
    "node_modules/inherits": {
      "version": "2.0.4",
      "resolved": "https://registry.npmjs.org/inherits/-/inherits-2.0.4.tgz",
      "integrity": "sha512-k/vGaX4/Yla3WzyMCvTQOXYeIHvqOKtnqBduzTHpzpQZzAskKMhZ2K+EnBiSM9zGSoIFeMpXKxa4dYeZIQqewQ=="
    },
    "node_modules/ltx": {
      "version": "3.0.0",
      "resolved": "https://registry.npmjs.org/ltx/-/ltx-3.0.0.tgz",
      "integrity": "sha512-bu3/4/ApUmMqVNuIkHaRhqVtEi6didYcBDIF56xhPRCzVpdztCipZ62CUuaxMlMBUzaVL93+4LZRqe02fuAG6A==",
      "engines": {
        "node": ">= 12.4.0"
      }
    }
  },
  "dependencies": {
    "@xmpp/xml": {
      "version": "0.12.0",
      "resolved": "https://registry.npmjs.org/@xmpp/xml/-/xml-0.12.0.tgz",
      "integrity": "sha512-kitJEZc0JLCNtNCPIbIC/+seo0S9R15ofIVaZ8pjKtArmMDLxvtCxAKjJvri/pYFT0kI6jpqrDdq+8N8bUaNjQ==",
      "requires": {
        "ltx": "^2.10.0"
      },
      "dependencies": {
        "ltx": {
          "version": "2.10.0",
          "resolved": "https://registry.npmjs.org/ltx/-/ltx-2.10.0.tgz",
          "integrity": "sha512-RB4zR6Mrp/0wTNS9WxMvpgfht/7u/8QAC9DpPD19opL/4OASPa28uoliFqeDkLUU8pQ4aeAfATBZmz1aSAHkMw==",
          "requires": {
            "inherits": "^2.0.4"
          }
        }
      }
    },
    "inherits": {
      "version": "2.0.4",
      "resolved": "https://registry.npmjs.org/inherits/-/inherits-2.0.4.tgz",
      "integrity": "sha512-k/vGaX4/Yla3WzyMCvTQOXYeIHvqOKtnqBduzTHpzpQZzAskKMhZ2K+EnBiSM9zGSoIFeMpXKxa4dYeZIQqewQ=="
    },
    "ltx": {
      "version": "3.0.0",
      "resolved": "https://registry.npmjs.org/ltx/-/ltx-3.0.0.tgz",
      "integrity": "sha512-bu3/4/ApUmMqVNuIkHaRhqVtEi6didYcBDIF56xhPRCzVpdztCipZ62CUuaxMlMBUzaVL93+4LZRqe02fuAG6A=="
    }
  }
}
