# THIS IS AN AUTOGENERATED FILE. DO NOT EDIT THIS FILE DIRECTLY.
# yarn lockfile v1


"@xmpp/connection@^0.2.0":
  version "0.2.0"
  resolved "https://registry.yarnpkg.com/@xmpp/connection/-/connection-0.2.0.tgz#7daf0d3596543256f54d233201c62d955d297866"
  dependencies:
    "@xmpp/events" "^0.2.0"
    "@xmpp/jid" "^0.2.0"
    "@xmpp/streamparser" "^0.0.6"
    "@xmpp/xml" "^0.2.0"

"@xmpp/events@^0.2.0":
  version "0.2.0"
  resolved "https://registry.yarnpkg.com/@xmpp/events/-/events-0.2.0.tgz#531ad642230e722bd20820d2d8844d9ecd36d4c8"

"@xmpp/jid@^0.2.0":
  version "0.2.0"
  resolved "https://registry.yarnpkg.com/@xmpp/jid/-/jid-0.2.0.tgz#2802be870a3b00ee6694b29680c94b5d5abb3cb4"

"@xmpp/streamparser@^0.0.6":
  version "0.0.6"
  resolved "https://registry.yarnpkg.com/@xmpp/streamparser/-/streamparser-0.0.6.tgz#118033ea9db7c86a1cb46103f269ebff79f6f1ea"
  dependencies:
    "@xmpp/xml" "^0.1.3"
    inherits "^2.0.3"
    ltx "^2.5.0"

"@xmpp/xml@^0.1.3":
  version "0.1.3"
  resolved "https://registry.yarnpkg.com/@xmpp/xml/-/xml-0.1.3.tgz#1f14399e53e419688558698f6c62e71e39a86a6e"
  dependencies:
    inherits "^2.0.3"
    ltx "^2.6.2"

"@xmpp/xml@^0.2.0":
  version "0.2.0"
  resolved "https://registry.yarnpkg.com/@xmpp/xml/-/xml-0.2.0.tgz#cc06443ac36f1b12f9081f036e338ba11bee4e2e"
  dependencies:
    ltx "^2.6.2"

inherits@^2.0.1, inherits@^2.0.3:
  version "2.0.3"
  resolved "https://registry.yarnpkg.com/inherits/-/inherits-2.0.3.tgz#633c2c83e3da42a502f52466022480f4208261de"

ltx@^2.5.0, ltx@^2.6.2:
  version "2.7.1"
  resolved "https://registry.yarnpkg.com/ltx/-/ltx-2.7.1.tgz#0e5cbdcb5bf178cfa7831ea41dc323d97422315a"
  dependencies:
    inherits "^2.0.1"
