# THIS IS AN AUTOGENERATED FILE. DO NOT EDIT THIS FILE DIRECTLY.
# yarn lockfile v1


"@xmpp/jid@^0.0.2":
  version "0.0.2"
  resolved "https://registry.yarnpkg.com/@xmpp/jid/-/jid-0.0.2.tgz#0d528ca9d58dafc833665564ffe62f332a3167f2"

iri@^1.1.1:
  version "1.1.1"
  resolved "https://registry.yarnpkg.com/iri/-/iri-1.1.1.tgz#5da7f70aebba4cee92758b78fafe3e2c63e0ff43"
